
Microsoft Visual Studio Solution File, Format Version 12.00
# Visual Studio 15
Project("{FAE04EC0-301F-11D3-BF4B-00C04F79EFBC}") = "Assembly-CSharp", "Assembly-CSharp.csproj", "{EA4C4D4B-325D-627C-C48B-64FE511955B7}"
EndProject
Project("{FAE04EC0-301F-11D3-BF4B-00C04F79EFBC}") = "Assembly-CSharp-Editor", "Assembly-CSharp-Editor.csproj", "{593C5DE4-DB5D-277F-FF98-911BBA674EF2}"
EndProject
Project("{FAE04EC0-301F-11D3-BF4B-00C04F79EFBC}") = "Assembly-CSharp", "Assembly-CSharp.Player.csproj", "{7E2A77B9-68C4-8DB6-74BE-C08FF29D7018}"
EndProject
Global
	GlobalSection(SolutionConfigurationPlatforms) = preSolution
		Debug|Any CPU = Debug|Any CPU
		Release|Any CPU = Release|Any CPU
	EndGlobalSection
	GlobalSection(ProjectConfigurationPlatforms) = postSolution
		{EA4C4D4B-325D-627C-C48B-64FE511955B7}.Debug|Any CPU.ActiveCfg = Debug|Any CPU
		{EA4C4D4B-325D-627C-C48B-64FE511955B7}.Debug|Any CPU.Build.0 = Debug|Any CPU
		{EA4C4D4B-325D-627C-C48B-64FE511955B7}.Release|Any CPU.ActiveCfg = Release|Any CPU
		{EA4C4D4B-325D-627C-C48B-64FE511955B7}.Release|Any CPU.Build.0 = Release|Any CPU
		{593C5DE4-DB5D-277F-FF98-911BBA674EF2}.Debug|Any CPU.ActiveCfg = Debug|Any CPU
		{593C5DE4-DB5D-277F-FF98-911BBA674EF2}.Debug|Any CPU.Build.0 = Debug|Any CPU
		{593C5DE4-DB5D-277F-FF98-911BBA674EF2}.Release|Any CPU.ActiveCfg = Release|Any CPU
		{593C5DE4-DB5D-277F-FF98-911BBA674EF2}.Release|Any CPU.Build.0 = Release|Any CPU
		{7E2A77B9-68C4-8DB6-74BE-C08FF29D7018}.Debug|Any CPU.ActiveCfg = Debug|Any CPU
		{7E2A77B9-68C4-8DB6-74BE-C08FF29D7018}.Debug|Any CPU.Build.0 = Debug|Any CPU
		{7E2A77B9-68C4-8DB6-74BE-C08FF29D7018}.Release|Any CPU.ActiveCfg = Release|Any CPU
		{7E2A77B9-68C4-8DB6-74BE-C08FF29D7018}.Release|Any CPU.Build.0 = Release|Any CPU
	EndGlobalSection
	GlobalSection(SolutionProperties) = preSolution
		HideSolutionNode = FALSE
	EndGlobalSection
EndGlobal
